
Microsoft Visual Studio Solution File, Format Version 12.00
# Visual Studio Version 17
VisualStudioVersion = 17.7.34018.315
MinimumVisualStudioVersion = 10.0.40219.1
Project("{FAE04EC0-301F-11D3-BF4B-00C04F79EFBC}") = "OOPBasics", "OOPBasics\OOPBasics.csproj", "{95F19646-0C12-4D30-AA5A-AAB3B4CBDBA8}"
EndProject
Project("{FAE04EC0-301F-11D3-BF4B-00C04F79EFBC}") = "ClassLibrary1", "ClassLibrary1\ClassLibrary1.csproj", "{1953254D-BB20-443D-B3D3-BC8729C8910C}"
EndProject
Global
	GlobalSection(SolutionConfigurationPlatforms) = preSolution
		Debug|Any CPU = Debug|Any CPU
		Release|Any CPU = Release|Any CPU
	EndGlobalSection
	GlobalSection(ProjectConfigurationPlatforms) = postSolution
		{95F19646-0C12-4D30-AA5A-AAB3B4CBDBA8}.Debug|Any CPU.ActiveCfg = Debug|Any CPU
		{95F19646-0C12-4D30-AA5A-AAB3B4CBDBA8}.Debug|Any CPU.Build.0 = Debug|Any CPU
		{95F19646-0C12-4D30-AA5A-AAB3B4CBDBA8}.Release|Any CPU.ActiveCfg = Release|Any CPU
		{95F19646-0C12-4D30-AA5A-AAB3B4CBDBA8}.Release|Any CPU.Build.0 = Release|Any CPU
		{1953254D-BB20-443D-B3D3-BC8729C8910C}.Debug|Any CPU.ActiveCfg = Debug|Any CPU
		{1953254D-BB20-443D-B3D3-BC8729C8910C}.Debug|Any CPU.Build.0 = Debug|Any CPU
		{1953254D-BB20-443D-B3D3-BC8729C8910C}.Release|Any CPU.ActiveCfg = Release|Any CPU
		{1953254D-BB20-443D-B3D3-BC8729C8910C}.Release|Any CPU.Build.0 = Release|Any CPU
	EndGlobalSection
	GlobalSection(SolutionProperties) = preSolution
		HideSolutionNode = FALSE
	EndGlobalSection
	GlobalSection(ExtensibilityGlobals) = postSolution
		SolutionGuid = {12BE7C90-A5ED-48A6-911E-335DBBCFEF13}
	EndGlobalSection
EndGlobal
